
Microsoft Visual Studio Solution File, Format Version 12.00
# Visual Studio Version 16
VisualStudioVersion = 16.0.30011.22
MinimumVisualStudioVersion = 10.0.40219.1
Project("{FAE04EC0-301F-11D3-BF4B-00C04F79EFBC}") = "Casino-Assesment-July2020", "Casino-Assesment-July2020\Casino-Assesment-July2020.csproj", "{C1850645-745E-44D9-A1B7-8B7BBCBCA486}"
EndProject
Global
	GlobalSection(SolutionConfigurationPlatforms) = preSolution
		Debug|Any CPU = Debug|Any CPU
		Release|Any CPU = Release|Any CPU
	EndGlobalSection
	GlobalSection(ProjectConfigurationPlatforms) = postSolution
		{C1850645-745E-44D9-A1B7-8B7BBCBCA486}.Debug|Any CPU.ActiveCfg = Debug|Any CPU
		{C1850645-745E-44D9-A1B7-8B7BBCBCA486}.Debug|Any CPU.Build.0 = Debug|Any CPU
		{C1850645-745E-44D9-A1B7-8B7BBCBCA486}.Release|Any CPU.ActiveCfg = Release|Any CPU
		{C1850645-745E-44D9-A1B7-8B7BBCBCA486}.Release|Any CPU.Build.0 = Release|Any CPU
	EndGlobalSection
	GlobalSection(SolutionProperties) = preSolution
		HideSolutionNode = FALSE
	EndGlobalSection
	GlobalSection(ExtensibilityGlobals) = postSolution
		SolutionGuid = {9E1019B8-6FC1-4AFA-BCAB-328523B57DED}
	EndGlobalSection
EndGlobal
